// !$*UTF8*$!
{
	archiveVersion = 1;
	classes = {
	};
	objectVersion = 56;
	objects = {

/* Begin PBXBuildFile section */
		1A1A1A1A1A1A1A1A1A1A1A1A /* AlphaLiteApp.swift in Sources */ = {isa = PBXBuildFile; fileRef = 1A1A1A1A1A1A1A1A1A1A1A1B /* AlphaLiteApp.swift */; };
		1A1A1A1A1A1A1A1A1A1A1A1C /* ContentView.swift in Sources */ = {isa = PBXBuildFile; fileRef = 1A1A1A1A1A1A1A1A1A1A1A1D /* ContentView.swift */; };
		1A1A1A1A1A1A1A1A1A1A1A1E /* AnalyticsView.swift in Sources */ = {isa = PBXBuildFile; fileRef = 1A1A1A1A1A1A1A1A1A1A1A1F /* AnalyticsView.swift */; };
		1A1A1A1A1A1A1A1A1A1A1A20 /* ReminderStore.swift in Sources */ = {isa = PBXBuildFile; fileRef = 1A1A1A1A1A1A1A1A1A1A1A21 /* ReminderStore.swift */; };
		1A1A1A1A1A1A1A1A1A1A1A22 /* MemoryStore.swift in Sources */ = {isa = PBXBuildFile; fileRef = 1A1A1A1A1A1A1A1A1A1A1A23 /* MemoryStore.swift */; };
		1A1A1A1A1A1A1A1A1A1A1A24 /* ChatThread.swift in Sources */ = {isa = PBXBuildFile; fileRef = 1A1A1A1A1A1A1A1A1A1A1A25 /* ChatThread.swift */; };
		1A1A1A1A1A1A1A1A1A1A1A26 /* SettingsView.swift in Sources */ = {isa = PBXBuildFile; fileRef = 1A1A1A1A1A1A1A1A1A1A1A27 /* SettingsView.swift */; };
		1A1A1A1A1A1A1A1A1A1A1A28 /* SettingsManager.swift in Sources */ = {isa = PBXBuildFile; fileRef = 1A1A1A1A1A1A1A1A1A1A1A29 /* SettingsManager.swift */; };
		1A1A1A1A1A1A1A1A1A1A1A2A /* ThemeManager.swift in Sources */ = {isa = PBXBuildFile; fileRef = 1A1A1A1A1A1A1A1A1A1A1A2B /* ThemeManager.swift */; };
		1A1A1A1A1A1A1A1A1A1A1A2C /* GPTService.swift in Sources */ = {isa = PBXBuildFile; fileRef = 1A1A1A1A1A1A1A1A1A1A1A2D /* GPTService.swift */; };
		1A1A1A1A1A1A1A1A1A1A1A2E /* SpeechManager.swift in Sources */ = {isa = PBXBuildFile; fileRef = 1A1A1A1A1A1A1A1A1A1A1A2F /* SpeechManager.swift */; };
		1A1A1A1A1A1A1A1A1A1A1A30 /* KeychainHelper.swift in Sources */ = {isa = PBXBuildFile; fileRef = 1A1A1A1A1A1A1A1A1A1A1A31 /* KeychainHelper.swift */; };
/* End PBXBuildFile section */

/* Begin PBXFileReference section */
		1A1A1A1A1A1A1A1A1A1A1A1B /* AlphaLiteApp.swift */ = {isa = PBXFileReference; lastKnownFileType = sourcecode.swift; path = AlphaLiteApp.swift; sourceTree = "<group>"; };
		1A1A1A1A1A1A1A1A1A1A1A1D /* ContentView.swift */ = {isa = PBXFileReference; lastKnownFileType = sourcecode.swift; path = ContentView.swift; sourceTree = "<group>"; };
		1A1A1A1A1A1A1A1A1A1A1A1F /* AnalyticsView.swift */ = {isa = PBXFileReference; lastKnownFileType = sourcecode.swift; path = AnalyticsView.swift; sourceTree = "<group>"; };
		1A1A1A1A1A1A1A1A1A1A1A21 /* ReminderStore.swift */ = {isa = PBXFileReference; lastKnownFileType = sourcecode.swift; path = ReminderStore.swift; sourceTree = "<group>"; };
		1A1A1A1A1A1A1A1A1A1A1A23 /* MemoryStore.swift */ = {isa = PBXFileReference; lastKnownFileType = sourcecode.swift; path = MemoryStore.swift; sourceTree = "<group>"; };
		1A1A1A1A1A1A1A1A1A1A1A25 /* ChatThread.swift */ = {isa = PBXFileReference; lastKnownFileType = sourcecode.swift; path = ChatThread.swift; sourceTree = "<group>"; };
		1A1A1A1A1A1A1A1A1A1A1A27 /* SettingsView.swift */ = {isa = PBXFileReference; lastKnownFileType = sourcecode.swift; path = SettingsView.swift; sourceTree = "<group>"; };
		1A1A1A1A1A1A1A1A1A1A1A29 /* SettingsManager.swift */ = {isa = PBXFileReference; lastKnownFileType = sourcecode.swift; path = SettingsManager.swift; sourceTree = "<group>"; };
		1A1A1A1A1A1A1A1A1A1A1A2B /* ThemeManager.swift */ = {isa = PBXFileReference; lastKnownFileType = sourcecode.swift; path = ThemeManager.swift; sourceTree = "<group>"; };
		1A1A1A1A1A1A1A1A1A1A1A2D /* GPTService.swift */ = {isa = PBXFileReference; lastKnownFileType = sourcecode.swift; path = GPTService.swift; sourceTree = "<group>"; };
		1A1A1A1A1A1A1A1A1A1A1A2F /* SpeechManager.swift */ = {isa = PBXFileReference; lastKnownFileType = sourcecode.swift; path = SpeechManager.swift; sourceTree = "<group>"; };
		1A1A1A1A1A1A1A1A1A1A1A31 /* KeychainHelper.swift */ = {isa = PBXFileReference; lastKnownFileType = sourcecode.swift; path = KeychainHelper.swift; sourceTree = "<group>"; };
		1A1A1A1A1A1A1A1A1A1A1A32 /* Info.plist */ = {isa = PBXFileReference; lastKnownFileType = text.plist.xml; path = Info.plist; sourceTree = "<group>"; };
		1A1A1A1A1A1A1A1A1A1A1A33 /* AlphaLite.xcdatamodel */ = {isa = PBXFileReference; lastKnownFileType = wrapper.xcdatamodel; path = AlphaLite.xcdatamodel; sourceTree = "<group>"; };
		1A1A1A1A1A1A1A1A1A1A1A34 /* Package.swift */ = {isa = PBXFileReference; lastKnownFileType = sourcecode.swift; path = Package.swift; sourceTree = "<group>"; };
		1A1A1A1A1A1A1A1A1A1A1A35 /* postBuild.sh */ = {isa = PBXFileReference; lastKnownFileType = text.script.sh; path = postBuild.sh; sourceTree = "<group>"; };
		1A1A1A1A1A1A1A1A1A1A1A36 /* README.md */ = {isa = PBXFileReference; lastKnownFileType = net.daringfireball.markdown; path = README.md; sourceTree = "<group>"; };
/* End PBXFileReference section */

/* Begin PBXFrameworksBuildPhase section */
		1A1A1A1A1A1A1A1A1A1A1A37 /* Frameworks */ = {
			isa = PBXFrameworksBuildPhase;
			buildActionMask = 2147483647;
			files = (
			);
			runOnlyForDeploymentPostprocessing = 0;
		};
/* End PBXFrameworksBuildPhase section */

/* Begin PBXGroup section */
		1A1A1A1A1A1A1A1A1A1A1A38 = {
			isa = PBXGroup;
			children = (
				1A1A1A1A1A1A1A1A1A1A1A39 /* AlphaLite */,
				1A1A1A1A1A1A1A1A1A1A1A3A /* Products */,
			);
			sourceTree = "<group>";
		};
		1A1A1A1A1A1A1A1A1A1A1A3A /* Products */ = {
			isa = PBXGroup;
			children = (
				1A1A1A1A1A1A1A1A1A1A1A3B /* AlphaLite.app */,
			);
			name = Products;
			sourceTree = "<group>";
		};
		1A1A1A1A1A1A1A1A1A1A1A39 /* AlphaLite */ = {
			isa = PBXGroup;
			children = (
				1A1A1A1A1A1A1A1A1A1A1A34 /* Package.swift */,
				1A1A1A1A1A1A1A1A1A1A1A36 /* README.md */,
				1A1A1A1A1A1A1A1A1A1A1A3C /* Scripts */,
				1A1A1A1A1A1A1A1A1A1A1A3D /* Resources */,
				1A1A1A1A1A1A1A1A1A1A1A3E /* App */,
				1A1A1A1A1A1A1A1A1A1A1A3F /* Services */,
				1A1A1A1A1A1A1A1A1A1A1A40 /* Settings */,
				1A1A1A1A1A1A1A1A1A1A1A41 /* Models */,
				1A1A1A1A1A1A1A1A1A1A1A33 /* AlphaLite.xcdatamodeld */,
			);
			path = AlphaLite;
			sourceTree = "<group>";
		};
		1A1A1A1A1A1A1A1A1A1A1A3C /* Scripts */ = {
			isa = PBXGroup;
			children = (
				1A1A1A1A1A1A1A1A1A1A1A35 /* postBuild.sh */,
			);
			path = Scripts;
			sourceTree = "<group>";
		};
		1A1A1A1A1A1A1A1A1A1A1A3D /* Resources */ = {
			isa = PBXGroup;
			children = (
				1A1A1A1A1A1A1A1A1A1A1A32 /* Info.plist */,
				1A1A1A1A1A1A1A1A1A1A1A42 /* Assets.xcassets */,
			);
			path = Resources;
			sourceTree = "<group>";
		};
		1A1A1A1A1A1A1A1A1A1A1A3E /* App */ = {
			isa = PBXGroup;
			children = (
				1A1A1A1A1A1A1A1A1A1A1A1B /* AlphaLiteApp.swift */,
				1A1A1A1A1A1A1A1A1A1A1A1D /* ContentView.swift */,
			);
			path = App;
			sourceTree = "<group>";
		};
		1A1A1A1A1A1A1A1A1A1A1A3F /* Services */ = {
			isa = PBXGroup;
			children = (
				1A1A1A1A1A1A1A1A1A1A1A2D /* GPTService.swift */,
				1A1A1A1A1A1A1A1A1A1A1A2F /* SpeechManager.swift */,
				1A1A1A1A1A1A1A1A1A1A1A21 /* ReminderStore.swift */,
				1A1A1A1A1A1A1A1A1A1A1A23 /* MemoryStore.swift */,
				1A1A1A1A1A1A1A1A1A1A1A31 /* KeychainHelper.swift */,
			);
			path = Services;
			sourceTree = "<group>";
		};
		1A1A1A1A1A1A1A1A1A1A1A40 /* Settings */ = {
			isa = PBXGroup;
			children = (
				1A1A1A1A1A1A1A1A1A1A1A27 /* SettingsView.swift */,
				1A1A1A1A1A1A1A1A1A1A1A29 /* SettingsManager.swift */,
				1A1A1A1A1A1A1A1A1A1A1A2B /* ThemeManager.swift */,
			);
			path = Settings;
			sourceTree = "<group>";
		};
		1A1A1A1A1A1A1A1A1A1A1A41 /* Models */ = {
			isa = PBXGroup;
			children = (
				1A1A1A1A1A1A1A1A1A1A1A25 /* ChatThread.swift */,
			);
			path = Models;
			sourceTree = "<group>";
		};
/* End PBXGroup section */

/* Begin PBXNativeTarget section */
		1A1A1A1A1A1A1A1A1A1A1A43 /* AlphaLite */ = {
			isa = PBXNativeTarget;
			buildConfigurationList = 1A1A1A1A1A1A1A1A1A1A1A44 /* Build configuration list for PBXNativeTarget "AlphaLite" */;
			buildPhases = (
				1A1A1A1A1A1A1A1A1A1A1A45 /* Sources */,
				1A1A1A1A1A1A1A1A1A1A1A37 /* Frameworks */,
				1A1A1A1A1A1A1A1A1A1A1A46 /* Resources */,
			);
			buildRules = (
			);
			dependencies = (
			);
			name = AlphaLite;
			productName = AlphaLite;
			productReference = 1A1A1A1A1A1A1A1A1A1A1A3B /* AlphaLite.app */;
			productType = "com.apple.product-type.application";
		};
/* End PBXNativeTarget section */

/* Begin PBXProject section */
		1A1A1A1A1A1A1A1A1A1A1A47 /* Project object */ = {
			isa = PBXProject;
			attributes = {
				BuildIndependentTargetsInParallel = 1;
				LastSwiftUpdateCheck = 1500;
				LastUpgradeCheck = 1500;
				TargetAttributes = {
					1A1A1A1A1A1A1A1A1A1A1A43 = {
						CreatedOnToolsVersion = 15.0;
					};
				};
			};
			buildConfigurationList = 1A1A1A1A1A1A1A1A1A1A1A48 /* Build configuration list for PBXProject "AlphaLite" */;
			compatibilityVersion = "Xcode 14.0";
			developmentRegion = en;
			hasScannedForEncodings = 0;
			knownRegions = (
				en,
				Base,
			);
			mainGroup = 1A1A1A1A1A1A1A1A1A1A1A38;
			productRefGroup = 1A1A1A1A1A1A1A1A1A1A1A3A /* Products */;
			projectDirPath = "";
			projectRoot = "";
			targets = (
				1A1A1A1A1A1A1A1A1A1A1A43 /* AlphaLite */,
			);
		};
/* End PBXProject section */

/* Begin PBXResourcesBuildPhase section */
		1A1A1A1A1A1A1A1A1A1A1A46 /* Resources */ = {
			isa = PBXResourcesBuildPhase;
			buildActionMask = 2147483647;
			files = (
			);
			runOnlyForDeploymentPostprocessing = 0;
		};
/* End PBXResourcesBuildPhase section */

/* Begin PBXSourcesBuildPhase section */
		1A1A1A1A1A1A1A1A1A1A1A45 /* Sources */ = {
			isa = PBXSourcesBuildPhase;
			buildActionMask = 2147483647;
			files = (
				1A1A1A1A1A1A1A1A1A1A1A1C /* ContentView.swift in Sources */,
				1A1A1A1A1A1A1A1A1A1A1A1E /* AnalyticsView.swift in Sources */,
				1A1A1A1A1A1A1A1A1A1A1A20 /* ReminderStore.swift in Sources */,
				1A1A1A1A1A1A1A1A1A1A1A22 /* MemoryStore.swift in Sources */,
				1A1A1A1A1A1A1A1A1A1A1A24 /* ChatThread.swift in Sources */,
				1A1A1A1A1A1A1A1A1A1A1A26 /* SettingsView.swift in Sources */,
				1A1A1A1A1A1A1A1A1A1A1A28 /* SettingsManager.swift in Sources */,
				1A1A1A1A1A1A1A1A1A1A1A2A /* ThemeManager.swift in Sources */,
				1A1A1A1A1A1A1A1A1A1A1A2C /* GPTService.swift in Sources */,
				1A1A1A1A1A1A1A1A1A1A1A2E /* SpeechManager.swift in Sources */,
				1A1A1A1A1A1A1A1A1A1A1A30 /* KeychainHelper.swift in Sources */,
				1A1A1A1A1A1A1A1A1A1A1A1A /* AlphaLiteApp.swift in Sources */,
			);
			runOnlyForDeploymentPostprocessing = 0;
		};
/* End PBXSourcesBuildPhase section */

/* Begin XCBuildConfiguration section */
		1A1A1A1A1A1A1A1A1A1A1A49 /* Debug */ = {
			isa = XCBuildConfiguration;
			buildSettings = {
				ALWAYS_SEARCH_USER_PATHS = NO;
				ASSETCATALOG_COMPILER_GENERATE_SWIFT_ASSET_SYMBOL_EXTENSIONS = YES;
				CLANG_ANALYZER_NONNULL = YES;
				CLANG_ANALYZER_NUMBER_OBJECT_CONVERSION = YES_AGGRESSIVE;
				CLANG_CXX_LANGUAGE_STANDARD = "gnu++20";
				CLANG_ENABLE_MODULES = YES;
				CLANG_ENABLE_OBJC_ARC = YES;
				CLANG_ENABLE_OBJC_WEAK = YES;
				CLANG_WARN_BLOCK_CAPTURE_AUTORELEASING = YES;
				CLANG_WARN_BOOL_CONVERSION = YES;
				CLANG_WARN_COMMA = YES;
				CLANG_WARN_CONSTANT_CONVERSION = YES;
				CLANG_WARN_DEPRECATED_OBJC_IMPLEMENTATIONS = YES;
				CLANG_WARN_DIRECT_OBJC_ISA_USAGE = YES_ERROR;
				CLANG_WARN_DOCUMENTATION_COMMENTS = YES;
				CLANG_WARN_EMPTY_BODY = YES;
				CLANG_WARN_ENUM_CONVERSION = YES;
				CLANG_WARN_INFINITE_RECURSION = YES;
				CLANG_WARN_INT_CONVERSION = YES;
				CLANG_WARN_NON_LITERAL_NULL_CONVERSION = YES;
				CLANG_WARN_OBJC_IMPLICIT_RETAIN_SELF = YES;
				CLANG_WARN_OBJC_LITERAL_CONVERSION = YES;
				CLANG_WARN_OBJC_ROOT_CLASS = YES_ERROR;
				CLANG_WARN_QUOTED_INCLUDE_IN_FRAMEWORK_HEADER = YES;
				CLANG_WARN_RANGE_LOOP_ANALYSIS = YES;
				CLANG_WARN_STRICT_PROTOTYPES = YES;
				CLANG_WARN_SUSPICIOUS_MOVE = YES;
				CLANG_WARN_UNGUARDED_AVAILABILITY = YES_AGGRESSIVE;
				CLANG_WARN_UNREACHABLE_CODE = YES;
				CLANG_WARN__DUPLICATE_METHOD_MATCH = YES;
				COPY_PHASE_STRIP = NO;
				DEBUG_INFORMATION_FORMAT = dwarf;
				ENABLE_STRICT_OBJC_MSGSEND = YES;
				ENABLE_TESTABILITY = YES;
				ENABLE_USER_SCRIPT_SANDBOXING = YES;
				GCC_C_LANGUAGE_STANDARD = gnu17;
				GCC_DYNAMIC_NO_PIC = NO;
				GCC_NO_COMMON_BLOCKS = YES;
				GCC_OPTIMIZATION_LEVEL = 0;
				GCC_PREPROCESSOR_DEFINITIONS = (
					"DEBUG=1",
					"$(inherited)",
				);
				GCC_WARN_64_TO_32_BIT_CONVERSION = YES;
				GCC_WARN_ABOUT_RETURN_TYPE = YES_ERROR;
				GCC_WARN_UNDECLARED_SELECTOR = YES;
				GCC_WARN_UNINITIALIZED_AUTOS = YES_AGGRESSIVE;
				GCC_WARN_UNUSED_FUNCTION = YES;
				GCC_WARN_UNUSED_VARIABLE = YES;
				IPHONEOS_DEPLOYMENT_TARGET = 17.0;
				LOCALIZATION_PREFERS_STRING_CATALOGS = YES;
				MTL_ENABLE_DEBUG_INFO = INCLUDE_SOURCE;
				MTL_FAST_MATH = YES;
				ONLY_ACTIVE_ARCH = YES;
				SDKROOT = iphoneos;
				SWIFT_ACTIVE_COMPILATION_CONDITIONS = "DEBUG $(inherited)";
				SWIFT_OPTIMIZATION_LEVEL = "-Onone";
			};
			name = Debug;
		};
		1A1A1A1A1A1A1A1A1A1A1A4A /* Release */ = {
			isa = XCBuildConfiguration;
			buildSettings = {
				ALWAYS_SEARCH_USER_PATHS = NO;
				ASSETCATALOG_COMPILER_GENERATE_SWIFT_ASSET_SYMBOL_EXTENSIONS = YES;
				CLANG_ANALYZER_NONNULL = YES;
				CLANG_ANALYZER_NUMBER_OBJECT_CONVERSION = YES_AGGRESSIVE;
				CLANG_CXX_LANGUAGE_STANDARD = "gnu++20";
				CLANG_ENABLE_MODULES = YES;
				CLANG_ENABLE_OBJC_ARC = YES;
				CLANG_ENABLE_OBJC_WEAK = YES;
				CLANG_WARN_BLOCK_CAPTURE_AUTORELEASING = YES;
				CLANG_WARN_BOOL_CONVERSION = YES;
				CLANG_WARN_COMMA = YES;
				CLANG_WARN_CONSTANT_CONVERSION = YES;
				CLANG_WARN_DEPRECATED_OBJC_IMPLEMENTATIONS = YES;
				CLANG_WARN_DIRECT_OBJC_ISA_USAGE = YES_ERROR;
				CLANG_WARN_DOCUMENTATION_COMMENTS = YES;
				CLANG_WARN_EMPTY_BODY = YES;
				CLANG_WARN_ENUM_CONVERSION = YES;
				CLANG_WARN_INFINITE_RECURSION = YES;
				CLANG_WARN_INT_CONVERSION = YES;
				CLANG_WARN_NON_LITERAL_NULL_CONVERSION = YES;
				CLANG_WARN_OBJC_IMPLICIT_RETAIN_SELF = YES;
				CLANG_WARN_OBJC_LITERAL_CONVERSION = YES;
				CLANG_WARN_OBJC_ROOT_CLASS = YES_ERROR;
				CLANG_WARN_QUOTED_INCLUDE_IN_FRAMEWORK_HEADER = YES;
				CLANG_WARN_RANGE_LOOP_ANALYSIS = YES;
				CLANG_WARN_STRICT_PROTOTYPES = YES;
				CLANG_WARN_SUSPICIOUS_MOVE = YES;
				CLANG_WARN_UNGUARDED_AVAILABILITY = YES_AGGRESSIVE;
				CLANG_WARN_UNREACHABLE_CODE = YES;
				CLANG_WARN__DUPLICATE_METHOD_MATCH = YES;
				COPY_PHASE_STRIP = NO;
				DEBUG_INFORMATION_FORMAT = "dwarf-with-dsym";
				ENABLE_NS_ASSERTIONS = NO;
				ENABLE_STRICT_OBJC_MSGSEND = YES;
				ENABLE_USER_SCRIPT_SANDBOXING = YES;
				GCC_C_LANGUAGE_STANDARD = gnu17;
				GCC_NO_COMMON_BLOCKS = YES;
				GCC_WARN_64_TO_32_BIT_CONVERSION = YES;
				GCC_WARN_ABOUT_RETURN_TYPE = YES_ERROR;
				GCC_WARN_UNDECLARED_SELECTOR = YES;
				GCC_WARN_UNINITIALIZED_AUTOS = YES_AGGRESSIVE;
				GCC_WARN_UNUSED_FUNCTION = YES;
				GCC_WARN_UNUSED_VARIABLE = YES;
				IPHONEOS_DEPLOYMENT_TARGET = 17.0;
				LOCALIZATION_PREFERS_STRING_CATALOGS = YES;
				MTL_ENABLE_DEBUG_INFO = NO;
				MTL_FAST_MATH = YES;
				SDKROOT = iphoneos;
				SWIFT_COMPILATION_MODE = wholemodule;
				VALIDATE_PRODUCT = YES;
			};
			name = Release;
		};
		1A1A1A1A1A1A1A1A1A1A1A4B /* Debug */ = {
			isa = XCBuildConfiguration;
			buildSettings = {
				ASSETCATALOG_COMPILER_APPICON_NAME = AppIcon;
				ASSETCATALOG_COMPILER_GLOBAL_ACCENT_COLOR_NAME = AccentColor;
				CODE_SIGN_STYLE = Automatic;
				CURRENT_PROJECT_VERSION = 1;
				DEVELOPMENT_ASSET_PATHS = "";
				ENABLE_PREVIEWS = YES;
				GENERATE_INFOPLIST_FILE = YES;
				INFOPLIST_FILE = AlphaLite/Resources/Info.plist;
				INFOPLIST_KEY_UIApplicationSceneManifest_Generation = YES;
				INFOPLIST_KEY_UIApplicationSupportsIndirectInputEvents = YES;
				INFOPLIST_KEY_UILaunchScreen_Generation = YES;
				INFOPLIST_KEY_UISupportedInterfaceOrientations_iPad = "UIInterfaceOrientationPortrait UIInterfaceOrientationPortraitUpsideDown UIInterfaceOrientationLandscapeLeft UIInterfaceOrientationLandscapeRight";
				INFOPLIST_KEY_UISupportedInterfaceOrientations_iPhone = "UIInterfaceOrientationPortrait UIInterfaceOrientationLandscapeLeft UIInterfaceOrientationLandscapeRight";
				LD_RUNPATH_SEARCH_PATHS = (
					"$(inherited)",
					"@executable_path/Frameworks",
				);
				MARKETING_VERSION = 1.0;
				PRODUCT_BUNDLE_IDENTIFIER = com.alpha.lite;
				PRODUCT_NAME = "$(TARGET_NAME)";
				SWIFT_EMIT_LOC_STRINGS = YES;
				SWIFT_VERSION = 5.0;
				TARGETED_DEVICE_FAMILY = "1,2";
			};
			name = Debug;
		};
		1A1A1A1A1A1A1A1A1A1A1A4C /* Release */ = {
			isa = XCBuildConfiguration;
			buildSettings = {
				ASSETCATALOG_COMPILER_APPICON_NAME = AppIcon;
				ASSETCATALOG_COMPILER_GLOBAL_ACCENT_COLOR_NAME = AccentColor;
				CODE_SIGN_STYLE = Automatic;
				CURRENT_PROJECT_VERSION = 1;
				DEVELOPMENT_ASSET_PATHS = "";
				ENABLE_PREVIEWS = YES;
				GENERATE_INFOPLIST_FILE = YES;
				INFOPLIST_FILE = AlphaLite/Resources/Info.plist;
				INFOPLIST_KEY_UIApplicationSceneManifest_Generation = YES;
				INFOPLIST_KEY_UIApplicationSupportsIndirectInputEvents = YES;
				INFOPLIST_KEY_UILaunchScreen_Generation = YES;
				INFOPLIST_KEY_UISupportedInterfaceOrientations_iPad = "UIInterfaceOrientationPortrait UIInterfaceOrientationPortraitUpsideDown UIInterfaceOrientationLandscapeLeft UIInterfaceOrientationLandscapeRight";
				INFOPLIST_KEY_UISupportedInterfaceOrientations_iPhone = "UIInterfaceOrientationPortrait UIInterfaceOrientationLandscapeLeft UIInterfaceOrientationLandscapeRight";
				LD_RUNPATH_SEARCH_PATHS = (
					"$(inherited)",
					"@executable_path/Frameworks",
				);
				MARKETING_VERSION = 1.0;
				PRODUCT_BUNDLE_IDENTIFIER = com.alpha.lite;
				PRODUCT_NAME = "$(TARGET_NAME)";
				SWIFT_EMIT_LOC_STRINGS = YES;
				SWIFT_VERSION = 5.0;
				TARGETED_DEVICE_FAMILY = "1,2";
			};
			name = Release;
		};
/* End XCBuildConfiguration section */

/* Begin XCConfigurationList section */
		1A1A1A1A1A1A1A1A1A1A1A48 /* Build configuration list for PBXProject "AlphaLite" */ = {
			isa = XCConfigurationList;
			buildConfigurations = (
				1A1A1A1A1A1A1A1A1A1A1A49 /* Debug */,
				1A1A1A1A1A1A1A1A1A1A1A4A /* Release */,
			);
			defaultConfigurationIsVisible = 0;
			defaultConfigurationName = Release;
		};
		1A1A1A1A1A1A1A1A1A1A1A44 /* Build configuration list for PBXNativeTarget "AlphaLite" */ = {
			isa = XCConfigurationList;
			buildConfigurations = (
				1A1A1A1A1A1A1A1A1A1A1A4B /* Debug */,
				1A1A1A1A1A1A1A1A1A1A1A4C /* Release */,
			);
			defaultConfigurationIsVisible = 0;
			defaultConfigurationName = Release;
		};
/* End XCConfigurationList section */
	};
	rootObject = 1A1A1A1A1A1A1A1A1A1A1A47 /* Project object */;
} 